
Microsoft Visual Studio Solution File, Format Version 12.00
# Visual Studio Version 16
VisualStudioVersion = 25.0.1706.0
MinimumVisualStudioVersion = 10.0.40219.1
Project("{FAE04EC0-301F-11D3-BF4B-00C04F79EFBC}") = "ContactManager", "ContactManager\ContactManager.csproj", "{A17E1219-7F57-4614-B767-C2F5BA54B022}"
EndProject
Global
	GlobalSection(SolutionConfigurationPlatforms) = preSolution
		Debug|Any CPU = Debug|Any CPU
		Release|Any CPU = Release|Any CPU
	EndGlobalSection
	GlobalSection(ProjectConfigurationPlatforms) = postSolution
		{A17E1219-7F57-4614-B767-C2F5BA54B022}.Debug|Any CPU.ActiveCfg = Debug|Any CPU
		{A17E1219-7F57-4614-B767-C2F5BA54B022}.Debug|Any CPU.Build.0 = Debug|Any CPU
		{A17E1219-7F57-4614-B767-C2F5BA54B022}.Release|Any CPU.ActiveCfg = Release|Any CPU
		{A17E1219-7F57-4614-B767-C2F5BA54B022}.Release|Any CPU.Build.0 = Release|Any CPU
	EndGlobalSection
	GlobalSection(SolutionProperties) = preSolution
		HideSolutionNode = FALSE
	EndGlobalSection
	GlobalSection(ExtensibilityGlobals) = postSolution
		SolutionGuid = {AAFB143B-9253-446E-A77A-D60F93007983}
	EndGlobalSection
EndGlobal
